
Microsoft Visual Studio Solution File, Format Version 12.00
# Visual Studio Version 17
VisualStudioVersion = 17.3.32929.385
MinimumVisualStudioVersion = 10.0.40219.1
Project("{9A19103F-16F7-4668-BE54-9A1E7A4F7556}") = "Arrays", "Arrays\Arrays.csproj", "{41EE74D5-8F09-49CD-B03D-957CD5E30479}"
EndProject
Project("{9A19103F-16F7-4668-BE54-9A1E7A4F7556}") = "Loops", "Loops\Loops.csproj", "{347CA6AB-9E58-42F3-9FA6-9D1132FE9608}"
EndProject
Project("{9A19103F-16F7-4668-BE54-9A1E7A4F7556}") = "LoopsArkadasSayi", "LoopsArkadasSayi\LoopsArkadasSayi.csproj", "{2EFA866D-352E-4F0C-B1C9-31CEBEE543ED}"
EndProject
Project("{9A19103F-16F7-4668-BE54-9A1E7A4F7556}") = "Project1", "Project1\Project1.csproj", "{A9C19F31-FA8A-42BF-8EC7-A34DE49BE670}"
EndProject
Project("{9A19103F-16F7-4668-BE54-9A1E7A4F7556}") = "Project1Odev", "Project1Odev\Project1Odev.csproj", "{7CFFE89A-CDF7-41B4-B819-94A3B78A706F}"
EndProject
Project("{9A19103F-16F7-4668-BE54-9A1E7A4F7556}") = "Lists", "Lists\Lists.csproj", "{D759A517-E801-40FE-B878-1FF6A3343F66}"
EndProject
Project("{9A19103F-16F7-4668-BE54-9A1E7A4F7556}") = "Project2", "Project2\Project2.csproj", "{75902AA4-19F6-4160-9C8A-9BF0E97ECD2E}"
EndProject
Project("{9A19103F-16F7-4668-BE54-9A1E7A4F7556}") = "Classes", "Classes\Classes.csproj", "{4B505267-B830-4922-BADB-A434FADCF8E0}"
EndProject
Project("{9A19103F-16F7-4668-BE54-9A1E7A4F7556}") = "ClassesTwo", "ClassesTwo\ClassesTwo.csproj", "{91F54656-69B8-47DD-94B5-0AF14BB8008F}"
EndProject
Project("{9A19103F-16F7-4668-BE54-9A1E7A4F7556}") = "Methods", "Methods\Methods.csproj", "{100B70DB-2F62-4DCA-8262-F9FE1924A58C}"
EndProject
Project("{9A19103F-16F7-4668-BE54-9A1E7A4F7556}") = "Project3", "Project3\Project3.csproj", "{E86EAD02-8E42-447A-88BB-8B81A0455F7E}"
EndProject
Project("{9A19103F-16F7-4668-BE54-9A1E7A4F7556}") = "Project3Odev", "Proje3Odev\Project3Odev.csproj", "{ACB3A114-BE8E-45F6-BE8E-D1F3B765FFF8}"
EndProject
Project("{FAE04EC0-301F-11D3-BF4B-00C04F79EFBC}") = "Project4.DataAccess", "Project4.DataAccess\Project4.DataAccess.csproj", "{1A3762EA-861F-46EE-8B25-0D889102A105}"
EndProject
Project("{FAE04EC0-301F-11D3-BF4B-00C04F79EFBC}") = "Project4.Business", "Project4.Business\Project4.Business.csproj", "{27134DB4-F678-4B33-B637-C3371F5D1E5E}"
EndProject
Project("{FAE04EC0-301F-11D3-BF4B-00C04F79EFBC}") = "Project4.ConsoleUI", "Project4.ConsoleUI\Project4.ConsoleUI.csproj", "{C58CC5E7-AB29-4F21-A843-AA686537811C}"
EndProject
Project("{FAE04EC0-301F-11D3-BF4B-00C04F79EFBC}") = "Project4.Entities", "Project4.Entities\Project4.Entities.csproj", "{CCFE816D-8CFD-413E-A280-F06C55552C8C}"
EndProject
Project("{FAE04EC0-301F-11D3-BF4B-00C04F79EFBC}") = "Project4Odev.DataAccess", "Proje4Odev.DataAccess\Project4Odev.DataAccess.csproj", "{97000842-4E5C-47BC-A3F0-2A10FE9CD5FC}"
EndProject
Project("{FAE04EC0-301F-11D3-BF4B-00C04F79EFBC}") = "Project4Odev.Business", "Project4Odev.Business\Project4Odev.Business.csproj", "{86C0ACE9-EF70-43F9-8F06-356FB8578621}"
EndProject
Project("{FAE04EC0-301F-11D3-BF4B-00C04F79EFBC}") = "Project4Odev.Entities", "Project4Odev.Entities\Project4Odev.Entities.csproj", "{CB86FCC4-5D7A-4B1C-85AD-F21687E14487}"
EndProject
Project("{FAE04EC0-301F-11D3-BF4B-00C04F79EFBC}") = "Project4Odev.ConsoleUI", "Project4Odev.ConsoleUI\Project4Odev.ConsoleUI.csproj", "{81C9D7BD-AD8E-4895-9773-29BD29BD33DC}"
EndProject
Project("{FAE04EC0-301F-11D3-BF4B-00C04F79EFBC}") = "Project4Odev2.DataAccess", "Project4Odev2.DataAccess\Project4Odev2.DataAccess.csproj", "{21D00F49-A17E-4697-BC0B-CC7811D0C65F}"
EndProject
Project("{FAE04EC0-301F-11D3-BF4B-00C04F79EFBC}") = "Project4Odev2.Entity", "Project4Odev2.Entity\Project4Odev2.Entity.csproj", "{5814637F-7C36-4F43-8F44-33F88D49A1DF}"
EndProject
Project("{FAE04EC0-301F-11D3-BF4B-00C04F79EFBC}") = "Project4Odev2.Business", "Project4Odev2.Business\Project4Odev2.Business.csproj", "{570584F0-985F-4CD0-A2F0-7237922A6628}"
EndProject
Project("{FAE04EC0-301F-11D3-BF4B-00C04F79EFBC}") = "Project4Odev2.ConsoleUI", "Project4Odev2.ConsoleUI\Project4Odev2.ConsoleUI.csproj", "{14B0D6E1-6C2F-4581-B04A-BE0CC7C7A77D}"
EndProject
Global
	GlobalSection(SolutionConfigurationPlatforms) = preSolution
		Debug|Any CPU = Debug|Any CPU
		Release|Any CPU = Release|Any CPU
	EndGlobalSection
	GlobalSection(ProjectConfigurationPlatforms) = postSolution
		{41EE74D5-8F09-49CD-B03D-957CD5E30479}.Debug|Any CPU.ActiveCfg = Debug|Any CPU
		{41EE74D5-8F09-49CD-B03D-957CD5E30479}.Debug|Any CPU.Build.0 = Debug|Any CPU
		{41EE74D5-8F09-49CD-B03D-957CD5E30479}.Release|Any CPU.ActiveCfg = Release|Any CPU
		{41EE74D5-8F09-49CD-B03D-957CD5E30479}.Release|Any CPU.Build.0 = Release|Any CPU
		{347CA6AB-9E58-42F3-9FA6-9D1132FE9608}.Debug|Any CPU.ActiveCfg = Debug|Any CPU
		{347CA6AB-9E58-42F3-9FA6-9D1132FE9608}.Debug|Any CPU.Build.0 = Debug|Any CPU
		{347CA6AB-9E58-42F3-9FA6-9D1132FE9608}.Release|Any CPU.ActiveCfg = Release|Any CPU
		{347CA6AB-9E58-42F3-9FA6-9D1132FE9608}.Release|Any CPU.Build.0 = Release|Any CPU
		{2EFA866D-352E-4F0C-B1C9-31CEBEE543ED}.Debug|Any CPU.ActiveCfg = Debug|Any CPU
		{2EFA866D-352E-4F0C-B1C9-31CEBEE543ED}.Debug|Any CPU.Build.0 = Debug|Any CPU
		{2EFA866D-352E-4F0C-B1C9-31CEBEE543ED}.Release|Any CPU.ActiveCfg = Release|Any CPU
		{2EFA866D-352E-4F0C-B1C9-31CEBEE543ED}.Release|Any CPU.Build.0 = Release|Any CPU
		{A9C19F31-FA8A-42BF-8EC7-A34DE49BE670}.Debug|Any CPU.ActiveCfg = Debug|Any CPU
		{A9C19F31-FA8A-42BF-8EC7-A34DE49BE670}.Debug|Any CPU.Build.0 = Debug|Any CPU
		{A9C19F31-FA8A-42BF-8EC7-A34DE49BE670}.Release|Any CPU.ActiveCfg = Release|Any CPU
		{A9C19F31-FA8A-42BF-8EC7-A34DE49BE670}.Release|Any CPU.Build.0 = Release|Any CPU
		{7CFFE89A-CDF7-41B4-B819-94A3B78A706F}.Debug|Any CPU.ActiveCfg = Debug|Any CPU
		{7CFFE89A-CDF7-41B4-B819-94A3B78A706F}.Debug|Any CPU.Build.0 = Debug|Any CPU
		{7CFFE89A-CDF7-41B4-B819-94A3B78A706F}.Release|Any CPU.ActiveCfg = Release|Any CPU
		{7CFFE89A-CDF7-41B4-B819-94A3B78A706F}.Release|Any CPU.Build.0 = Release|Any CPU
		{D759A517-E801-40FE-B878-1FF6A3343F66}.Debug|Any CPU.ActiveCfg = Debug|Any CPU
		{D759A517-E801-40FE-B878-1FF6A3343F66}.Debug|Any CPU.Build.0 = Debug|Any CPU
		{D759A517-E801-40FE-B878-1FF6A3343F66}.Release|Any CPU.ActiveCfg = Release|Any CPU
		{D759A517-E801-40FE-B878-1FF6A3343F66}.Release|Any CPU.Build.0 = Release|Any CPU
		{75902AA4-19F6-4160-9C8A-9BF0E97ECD2E}.Debug|Any CPU.ActiveCfg = Debug|Any CPU
		{75902AA4-19F6-4160-9C8A-9BF0E97ECD2E}.Debug|Any CPU.Build.0 = Debug|Any CPU
		{75902AA4-19F6-4160-9C8A-9BF0E97ECD2E}.Release|Any CPU.ActiveCfg = Release|Any CPU
		{75902AA4-19F6-4160-9C8A-9BF0E97ECD2E}.Release|Any CPU.Build.0 = Release|Any CPU
		{4B505267-B830-4922-BADB-A434FADCF8E0}.Debug|Any CPU.ActiveCfg = Debug|Any CPU
		{4B505267-B830-4922-BADB-A434FADCF8E0}.Debug|Any CPU.Build.0 = Debug|Any CPU
		{4B505267-B830-4922-BADB-A434FADCF8E0}.Release|Any CPU.ActiveCfg = Release|Any CPU
		{4B505267-B830-4922-BADB-A434FADCF8E0}.Release|Any CPU.Build.0 = Release|Any CPU
		{91F54656-69B8-47DD-94B5-0AF14BB8008F}.Debug|Any CPU.ActiveCfg = Debug|Any CPU
		{91F54656-69B8-47DD-94B5-0AF14BB8008F}.Debug|Any CPU.Build.0 = Debug|Any CPU
		{91F54656-69B8-47DD-94B5-0AF14BB8008F}.Release|Any CPU.ActiveCfg = Release|Any CPU
		{91F54656-69B8-47DD-94B5-0AF14BB8008F}.Release|Any CPU.Build.0 = Release|Any CPU
		{100B70DB-2F62-4DCA-8262-F9FE1924A58C}.Debug|Any CPU.ActiveCfg = Debug|Any CPU
		{100B70DB-2F62-4DCA-8262-F9FE1924A58C}.Debug|Any CPU.Build.0 = Debug|Any CPU
		{100B70DB-2F62-4DCA-8262-F9FE1924A58C}.Release|Any CPU.ActiveCfg = Release|Any CPU
		{100B70DB-2F62-4DCA-8262-F9FE1924A58C}.Release|Any CPU.Build.0 = Release|Any CPU
		{E86EAD02-8E42-447A-88BB-8B81A0455F7E}.Debug|Any CPU.ActiveCfg = Debug|Any CPU
		{E86EAD02-8E42-447A-88BB-8B81A0455F7E}.Debug|Any CPU.Build.0 = Debug|Any CPU
		{E86EAD02-8E42-447A-88BB-8B81A0455F7E}.Release|Any CPU.ActiveCfg = Release|Any CPU
		{E86EAD02-8E42-447A-88BB-8B81A0455F7E}.Release|Any CPU.Build.0 = Release|Any CPU
		{ACB3A114-BE8E-45F6-BE8E-D1F3B765FFF8}.Debug|Any CPU.ActiveCfg = Debug|Any CPU
		{ACB3A114-BE8E-45F6-BE8E-D1F3B765FFF8}.Debug|Any CPU.Build.0 = Debug|Any CPU
		{ACB3A114-BE8E-45F6-BE8E-D1F3B765FFF8}.Release|Any CPU.ActiveCfg = Release|Any CPU
		{ACB3A114-BE8E-45F6-BE8E-D1F3B765FFF8}.Release|Any CPU.Build.0 = Release|Any CPU
		{1A3762EA-861F-46EE-8B25-0D889102A105}.Debug|Any CPU.ActiveCfg = Debug|Any CPU
		{1A3762EA-861F-46EE-8B25-0D889102A105}.Debug|Any CPU.Build.0 = Debug|Any CPU
		{1A3762EA-861F-46EE-8B25-0D889102A105}.Release|Any CPU.ActiveCfg = Release|Any CPU
		{1A3762EA-861F-46EE-8B25-0D889102A105}.Release|Any CPU.Build.0 = Release|Any CPU
		{27134DB4-F678-4B33-B637-C3371F5D1E5E}.Debug|Any CPU.ActiveCfg = Debug|Any CPU
		{27134DB4-F678-4B33-B637-C3371F5D1E5E}.Debug|Any CPU.Build.0 = Debug|Any CPU
		{27134DB4-F678-4B33-B637-C3371F5D1E5E}.Release|Any CPU.ActiveCfg = Release|Any CPU
		{27134DB4-F678-4B33-B637-C3371F5D1E5E}.Release|Any CPU.Build.0 = Release|Any CPU
		{C58CC5E7-AB29-4F21-A843-AA686537811C}.Debug|Any CPU.ActiveCfg = Debug|Any CPU
		{C58CC5E7-AB29-4F21-A843-AA686537811C}.Debug|Any CPU.Build.0 = Debug|Any CPU
		{C58CC5E7-AB29-4F21-A843-AA686537811C}.Release|Any CPU.ActiveCfg = Release|Any CPU
		{C58CC5E7-AB29-4F21-A843-AA686537811C}.Release|Any CPU.Build.0 = Release|Any CPU
		{CCFE816D-8CFD-413E-A280-F06C55552C8C}.Debug|Any CPU.ActiveCfg = Debug|Any CPU
		{CCFE816D-8CFD-413E-A280-F06C55552C8C}.Debug|Any CPU.Build.0 = Debug|Any CPU
		{CCFE816D-8CFD-413E-A280-F06C55552C8C}.Release|Any CPU.ActiveCfg = Release|Any CPU
		{CCFE816D-8CFD-413E-A280-F06C55552C8C}.Release|Any CPU.Build.0 = Release|Any CPU
		{97000842-4E5C-47BC-A3F0-2A10FE9CD5FC}.Debug|Any CPU.ActiveCfg = Debug|Any CPU
		{97000842-4E5C-47BC-A3F0-2A10FE9CD5FC}.Debug|Any CPU.Build.0 = Debug|Any CPU
		{97000842-4E5C-47BC-A3F0-2A10FE9CD5FC}.Release|Any CPU.ActiveCfg = Release|Any CPU
		{97000842-4E5C-47BC-A3F0-2A10FE9CD5FC}.Release|Any CPU.Build.0 = Release|Any CPU
		{86C0ACE9-EF70-43F9-8F06-356FB8578621}.Debug|Any CPU.ActiveCfg = Debug|Any CPU
		{86C0ACE9-EF70-43F9-8F06-356FB8578621}.Debug|Any CPU.Build.0 = Debug|Any CPU
		{86C0ACE9-EF70-43F9-8F06-356FB8578621}.Release|Any CPU.ActiveCfg = Release|Any CPU
		{86C0ACE9-EF70-43F9-8F06-356FB8578621}.Release|Any CPU.Build.0 = Release|Any CPU
		{CB86FCC4-5D7A-4B1C-85AD-F21687E14487}.Debug|Any CPU.ActiveCfg = Debug|Any CPU
		{CB86FCC4-5D7A-4B1C-85AD-F21687E14487}.Debug|Any CPU.Build.0 = Debug|Any CPU
		{CB86FCC4-5D7A-4B1C-85AD-F21687E14487}.Release|Any CPU.ActiveCfg = Release|Any CPU
		{CB86FCC4-5D7A-4B1C-85AD-F21687E14487}.Release|Any CPU.Build.0 = Release|Any CPU
		{81C9D7BD-AD8E-4895-9773-29BD29BD33DC}.Debug|Any CPU.ActiveCfg = Debug|Any CPU
		{81C9D7BD-AD8E-4895-9773-29BD29BD33DC}.Debug|Any CPU.Build.0 = Debug|Any CPU
		{81C9D7BD-AD8E-4895-9773-29BD29BD33DC}.Release|Any CPU.ActiveCfg = Release|Any CPU
		{81C9D7BD-AD8E-4895-9773-29BD29BD33DC}.Release|Any CPU.Build.0 = Release|Any CPU
		{21D00F49-A17E-4697-BC0B-CC7811D0C65F}.Debug|Any CPU.ActiveCfg = Debug|Any CPU
		{21D00F49-A17E-4697-BC0B-CC7811D0C65F}.Debug|Any CPU.Build.0 = Debug|Any CPU
		{21D00F49-A17E-4697-BC0B-CC7811D0C65F}.Release|Any CPU.ActiveCfg = Release|Any CPU
		{21D00F49-A17E-4697-BC0B-CC7811D0C65F}.Release|Any CPU.Build.0 = Release|Any CPU
		{5814637F-7C36-4F43-8F44-33F88D49A1DF}.Debug|Any CPU.ActiveCfg = Debug|Any CPU
		{5814637F-7C36-4F43-8F44-33F88D49A1DF}.Debug|Any CPU.Build.0 = Debug|Any CPU
		{5814637F-7C36-4F43-8F44-33F88D49A1DF}.Release|Any CPU.ActiveCfg = Release|Any CPU
		{5814637F-7C36-4F43-8F44-33F88D49A1DF}.Release|Any CPU.Build.0 = Release|Any CPU
		{570584F0-985F-4CD0-A2F0-7237922A6628}.Debug|Any CPU.ActiveCfg = Debug|Any CPU
		{570584F0-985F-4CD0-A2F0-7237922A6628}.Debug|Any CPU.Build.0 = Debug|Any CPU
		{570584F0-985F-4CD0-A2F0-7237922A6628}.Release|Any CPU.ActiveCfg = Release|Any CPU
		{570584F0-985F-4CD0-A2F0-7237922A6628}.Release|Any CPU.Build.0 = Release|Any CPU
		{14B0D6E1-6C2F-4581-B04A-BE0CC7C7A77D}.Debug|Any CPU.ActiveCfg = Debug|Any CPU
		{14B0D6E1-6C2F-4581-B04A-BE0CC7C7A77D}.Debug|Any CPU.Build.0 = Debug|Any CPU
		{14B0D6E1-6C2F-4581-B04A-BE0CC7C7A77D}.Release|Any CPU.ActiveCfg = Release|Any CPU
		{14B0D6E1-6C2F-4581-B04A-BE0CC7C7A77D}.Release|Any CPU.Build.0 = Release|Any CPU
	EndGlobalSection
	GlobalSection(SolutionProperties) = preSolution
		HideSolutionNode = FALSE
	EndGlobalSection
	GlobalSection(ExtensibilityGlobals) = postSolution
		SolutionGuid = {7BA0247B-6BF3-4890-BC82-CAAFC2ABE17B}
	EndGlobalSection
EndGlobal
